<?xml version="1.0" encoding="utf-8"?>
<Project ToolsVersion="4.0" xmlns="http://schemas.microsoft.com/developer/msbuild/2003">
  <ItemGroup>
    <Filter Include="Source Files">
      <UniqueIdentifier>{4FC737F1-C7A5-4376-A066-2A32D752A2FF}</UniqueIdentifier>
      <Extensions>cpp;c;cc;cxx;def;odl;idl;hpj;bat;asm;asmx</Extensions>
    </Filter>
    <Filter Include="Header Files">
      <UniqueIdentifier>{93995380-89BD-4b04-88EB-625FBE52EBFB}</UniqueIdentifier>
      <Extensions>h;hpp;hxx;hm;inl;inc;xsd</Extensions>
    </Filter>
    <Filter Include="Resource Files">
      <UniqueIdentifier>{67DA6AB6-F800-4c08-8B7A-83BB121AAD01}</UniqueIdentifier>
      <Extensions>rc;ico;cur;bmp;dlg;rc2;rct;bin;rgs;gif;jpg;jpeg;jpe;resx;tiff;tif;png;wav;mfcribbon-ms</Extensions>
    </Filter>
  </ItemGroup>
  <ItemGroup>
    <None Include="AeroQuad.ino" />
  </ItemGroup>
  <ItemGroup>
    <ClInclude Include="AeroQuad.h">
      <Filter>Header Files</Filter>
    </ClInclude>
    <ClInclude Include="AltitudeControlProcessor.h">
      <Filter>Header Files</Filter>
    </ClInclude>
    <ClInclude Include="DataStorage.h">
      <Filter>Header Files</Filter>
    </ClInclude>
    <ClInclude Include="FlightCommandProcessor.h">
      <Filter>Header Files</Filter>
    </ClInclude>
    <ClInclude Include="FlightControlProcessor.h">
      <Filter>Header Files</Filter>
    </ClInclude>
    <ClInclude Include="GpsNavigator.h">
      <Filter>Header Files</Filter>
    </ClInclude>
    <ClInclude Include="HeadingHoldProcessor.h">
      <Filter>Header Files</Filter>
    </ClInclude>
    <ClInclude Include="LedStatusProcessor.h">
      <Filter>Header Files</Filter>
    </ClInclude>
    <ClInclude Include="MavLink.h">
      <Filter>Header Files</Filter>
    </ClInclude>
    <ClInclude Include="OSDDisplayController.h">
      <Filter>Header Files</Filter>
    </ClInclude>
    <ClInclude Include="OSDMenu.h">
      <Filter>Header Files</Filter>
    </ClInclude>
    <ClInclude Include="PID.h">
      <Filter>Header Files</Filter>
    </ClInclude>
    <ClInclude Include="SerialCom.h">
      <Filter>Header Files</Filter>
    </ClInclude>
    <ClInclude Include="SerialLCD.h">
      <Filter>Header Files</Filter>
    </ClInclude>
    <ClInclude Include="UserConfiguration.h">
      <Filter>Header Files</Filter>
    </ClInclude>
    <ClInclude Include="..\Libraries\AQ_Gyroscope\Gyroscope.h">
      <Filter>Header Files</Filter>
    </ClInclude>
    <ClInclude Include="..\Libraries\AQ_Defines\GlobalDefined.h">
      <Filter>Header Files</Filter>
    </ClInclude>
    <ClInclude Include="..\Libraries\AQ_Defines\SensorsStatus.h">
      <Filter>Header Files</Filter>
    </ClInclude>
    <ClInclude Include="..\Libraries\AQ_Math\AQMath.h">
      <Filter>Header Files</Filter>
    </ClInclude>
    <ClInclude Include="..\Libraries\AQ_I2C\Device_I2C.h">
      <Filter>Header Files</Filter>
    </ClInclude>
    <ClInclude Include="..\Libraries\AQ_Kinematics\Kinematics_ARG.h">
      <Filter>Header Files</Filter>
    </ClInclude>
    <ClInclude Include="..\Libraries\AQ_Kinematics\Kinematics.h">
      <Filter>Header Files</Filter>
    </ClInclude>
    <ClInclude Include="..\Libraries\AQ_BarometricSensor\BarometricSensor.h">
      <Filter>Header Files</Filter>
    </ClInclude>
    <ClInclude Include="..\Libraries\AQ_BarometricSensor\BarometricSensor_BMP085.h">
      <Filter>Header Files</Filter>
    </ClInclude>
    <ClInclude Include="..\Libraries\AQ_Math\FourtOrderFilter.h">
      <Filter>Header Files</Filter>
    </ClInclude>
    <ClInclude Include="..\Libraries\AQ_Accelerometer\Accelerometer.h">
      <Filter>Header Files</Filter>
    </ClInclude>
    <ClInclude Include="..\Libraries\AQ_Accelerometer\Accelerometer_ADXL345_9DOF.h">
      <Filter>Header Files</Filter>
    </ClInclude>
    <ClInclude Include="..\Libraries\AQ_Motors\Motors.h">
      <Filter>Header Files</Filter>
    </ClInclude>
    <ClInclude Include="..\Libraries\AQ_Motors\Motors_PWM_Timer.h">
      <Filter>Header Files</Filter>
    </ClInclude>
    <ClInclude Include="..\Libraries\ControlFaker\ControlFaker.h">
      <Filter>Header Files</Filter>
    </ClInclude>
    <ClInclude Include="..\Libraries\AQ_Receiver\Receiver.h">
      <Filter>Header Files</Filter>
    </ClInclude>
    <ClInclude Include="..\Libraries\AQ_Receiver\Receiver_MEGA.h">
      <Filter>Header Files</Filter>
    </ClInclude>
    <ClInclude Include="..\Libraries\AQ_Gyroscope\Gyroscope_ITG3200_9DOF.h">
      <Filter>Header Files</Filter>
    </ClInclude>
    <ClInclude Include="..\Libraries\AQ_Gyroscope\Gyroscope_ITG3200Common.h">
      <Filter>Header Files</Filter>
    </ClInclude>
    <ClInclude Include="ReceiveCommandTestData.h">
      <Filter>Header Files</Filter>
    </ClInclude>
    <ClInclude Include="Visual Micro\.AeroQuad.vsarduino.h">
      <Filter>Header Files</Filter>
    </ClInclude>
  </ItemGroup>
  <ItemGroup>
    <ClCompile Include="..\Libraries\AQ_I2C\Device_I2C.cpp">
      <Filter>Source Files</Filter>
    </ClCompile>
    <ClCompile Include="..\Libraries\AQ_Math\AQMath.cpp">
      <Filter>Source Files</Filter>
    </ClCompile>
  </ItemGroup>
</Project>